
Microsoft Visual Studio Solution File, Format Version 12.00
# Visual Studio Version 17
VisualStudioVersion = 17.0.31903.59
MinimumVisualStudioVersion = 10.0.40219.1
Project("{2150E333-8FDC-42A3-9474-1A3956D46DE8}") = "src", "src", "{0AF51E06-C24F-420D-9491-8B5ADC5AAC63}"
EndProject
Project("{FAE04EC0-301F-11D3-BF4B-00C04F79EFBC}") = "SmartMillSync.Domain", "src\SmartMillSync.Domain\SmartMillSync.Domain.csproj", "{99B71E71-28D4-4F15-B95E-F00C33009EEB}"
EndProject
Project("{FAE04EC0-301F-11D3-BF4B-00C04F79EFBC}") = "SmartMillSync.Application", "src\SmartMillSync.Application\SmartMillSync.Application.csproj", "{D98F2FFA-9B49-4064-8AF0-0FC163644171}"
EndProject
Project("{FAE04EC0-301F-11D3-BF4B-00C04F79EFBC}") = "SmartMillSync.Infrastructure", "src\SmartMillSync.Infrastructure\SmartMillSync.Infrastructure.csproj", "{1846CE9D-86C8-4F04-AC89-1B416F51A22C}"
EndProject
Project("{FAE04EC0-301F-11D3-BF4B-00C04F79EFBC}") = "SmartMillSync.Shared", "src\SmartMillSync.Shared\SmartMillSync.Shared.csproj", "{956BC42C-B31B-4590-A41B-4E59F0B2BC02}"
EndProject
Project("{FAE04EC0-301F-11D3-BF4B-00C04F79EFBC}") = "SmartMillSync.Api", "src\SmartMillSync.Api\SmartMillSync.Api.csproj", "{02B326EE-8803-4003-A1AC-A6BF18829D4A}"
EndProject
Project("{FAE04EC0-301F-11D3-BF4B-00C04F79EFBC}") = "SmartMillSync.Client", "src\SmartMillSync.Client\SmartMillSync.Client.csproj", "{1A0921CA-B28B-4AD9-B692-633E5639F7B7}"
EndProject
Project("{2150E333-8FDC-42A3-9474-1A3956D46DE8}") = "tests", "tests", "{96494DA5-360A-486C-BDE0-D56661572A27}"
EndProject
Project("{FAE04EC0-301F-11D3-BF4B-00C04F79EFBC}") = "SmartMillSync.Domain.Tests", "tests\SmartMillSync.Domain.Tests\SmartMillSync.Domain.Tests.csproj", "{4071F6AD-91DB-466D-85BE-2E5387E32D10}"
EndProject
Project("{FAE04EC0-301F-11D3-BF4B-00C04F79EFBC}") = "SmartMillSync.Shared.Tests", "tests\SmartMillSync.Shared.Tests\SmartMillSync.Shared.Tests.csproj", "{72BC40B9-32F7-4C09-A569-28A6E02D64E0}"
EndProject
Project("{FAE04EC0-301F-11D3-BF4B-00C04F79EFBC}") = "SmartMillSync.Application.Tests", "tests\SmartMillSync.Application.Tests\SmartMillSync.Application.Tests.csproj", "{F12CA4DE-AC02-49A5-B951-3894A7B13FA3}"
EndProject
Project("{FAE04EC0-301F-11D3-BF4B-00C04F79EFBC}") = "SmartMillSync.Infrastructure.Tests", "tests\SmartMillSync.Infrastructure.Tests\SmartMillSync.Infrastructure.Tests.csproj", "{247A028F-8204-424D-B190-57AF7F834902}"
EndProject
Project("{FAE04EC0-301F-11D3-BF4B-00C04F79EFBC}") = "SmartMillSync.Api.Tests", "tests\SmartMillSync.Api.Tests\SmartMillSync.Api.Tests.csproj", "{9695927B-66AC-49CC-B71D-BA0A8FE38B6E}"
EndProject
Project("{FAE04EC0-301F-11D3-BF4B-00C04F79EFBC}") = "SmartMillSync.Client.Tests", "tests\SmartMillSync.Client.Tests\SmartMillSync.Client.Tests.csproj", "{F686892D-7746-4E86-8593-BA80166DD7DA}"
EndProject
Global
	GlobalSection(SolutionConfigurationPlatforms) = preSolution
		Debug|Any CPU = Debug|Any CPU
		Release|Any CPU = Release|Any CPU
	EndGlobalSection
	GlobalSection(SolutionProperties) = preSolution
		HideSolutionNode = FALSE
	EndGlobalSection
	GlobalSection(ProjectConfigurationPlatforms) = postSolution
		{99B71E71-28D4-4F15-B95E-F00C33009EEB}.Debug|Any CPU.ActiveCfg = Debug|Any CPU
		{99B71E71-28D4-4F15-B95E-F00C33009EEB}.Debug|Any CPU.Build.0 = Debug|Any CPU
		{99B71E71-28D4-4F15-B95E-F00C33009EEB}.Release|Any CPU.ActiveCfg = Release|Any CPU
		{99B71E71-28D4-4F15-B95E-F00C33009EEB}.Release|Any CPU.Build.0 = Release|Any CPU
		{D98F2FFA-9B49-4064-8AF0-0FC163644171}.Debug|Any CPU.ActiveCfg = Debug|Any CPU
		{D98F2FFA-9B49-4064-8AF0-0FC163644171}.Debug|Any CPU.Build.0 = Debug|Any CPU
		{D98F2FFA-9B49-4064-8AF0-0FC163644171}.Release|Any CPU.ActiveCfg = Release|Any CPU
		{D98F2FFA-9B49-4064-8AF0-0FC163644171}.Release|Any CPU.Build.0 = Release|Any CPU
		{1846CE9D-86C8-4F04-AC89-1B416F51A22C}.Debug|Any CPU.ActiveCfg = Debug|Any CPU
		{1846CE9D-86C8-4F04-AC89-1B416F51A22C}.Debug|Any CPU.Build.0 = Debug|Any CPU
		{1846CE9D-86C8-4F04-AC89-1B416F51A22C}.Release|Any CPU.ActiveCfg = Release|Any CPU
		{1846CE9D-86C8-4F04-AC89-1B416F51A22C}.Release|Any CPU.Build.0 = Release|Any CPU
		{956BC42C-B31B-4590-A41B-4E59F0B2BC02}.Debug|Any CPU.ActiveCfg = Debug|Any CPU
		{956BC42C-B31B-4590-A41B-4E59F0B2BC02}.Debug|Any CPU.Build.0 = Debug|Any CPU
		{956BC42C-B31B-4590-A41B-4E59F0B2BC02}.Release|Any CPU.ActiveCfg = Release|Any CPU
		{956BC42C-B31B-4590-A41B-4E59F0B2BC02}.Release|Any CPU.Build.0 = Release|Any CPU
		{02B326EE-8803-4003-A1AC-A6BF18829D4A}.Debug|Any CPU.ActiveCfg = Debug|Any CPU
		{02B326EE-8803-4003-A1AC-A6BF18829D4A}.Debug|Any CPU.Build.0 = Debug|Any CPU
		{02B326EE-8803-4003-A1AC-A6BF18829D4A}.Release|Any CPU.ActiveCfg = Release|Any CPU
		{02B326EE-8803-4003-A1AC-A6BF18829D4A}.Release|Any CPU.Build.0 = Release|Any CPU
		{1A0921CA-B28B-4AD9-B692-633E5639F7B7}.Debug|Any CPU.ActiveCfg = Debug|Any CPU
		{1A0921CA-B28B-4AD9-B692-633E5639F7B7}.Debug|Any CPU.Build.0 = Debug|Any CPU
		{1A0921CA-B28B-4AD9-B692-633E5639F7B7}.Release|Any CPU.ActiveCfg = Release|Any CPU
		{1A0921CA-B28B-4AD9-B692-633E5639F7B7}.Release|Any CPU.Build.0 = Release|Any CPU
		{4071F6AD-91DB-466D-85BE-2E5387E32D10}.Debug|Any CPU.ActiveCfg = Debug|Any CPU
		{4071F6AD-91DB-466D-85BE-2E5387E32D10}.Debug|Any CPU.Build.0 = Debug|Any CPU
		{4071F6AD-91DB-466D-85BE-2E5387E32D10}.Release|Any CPU.ActiveCfg = Release|Any CPU
		{4071F6AD-91DB-466D-85BE-2E5387E32D10}.Release|Any CPU.Build.0 = Release|Any CPU
		{72BC40B9-32F7-4C09-A569-28A6E02D64E0}.Debug|Any CPU.ActiveCfg = Debug|Any CPU
		{72BC40B9-32F7-4C09-A569-28A6E02D64E0}.Debug|Any CPU.Build.0 = Debug|Any CPU
		{72BC40B9-32F7-4C09-A569-28A6E02D64E0}.Release|Any CPU.ActiveCfg = Release|Any CPU
		{72BC40B9-32F7-4C09-A569-28A6E02D64E0}.Release|Any CPU.Build.0 = Release|Any CPU
		{F12CA4DE-AC02-49A5-B951-3894A7B13FA3}.Debug|Any CPU.ActiveCfg = Debug|Any CPU
		{F12CA4DE-AC02-49A5-B951-3894A7B13FA3}.Debug|Any CPU.Build.0 = Debug|Any CPU
		{F12CA4DE-AC02-49A5-B951-3894A7B13FA3}.Release|Any CPU.ActiveCfg = Release|Any CPU
		{F12CA4DE-AC02-49A5-B951-3894A7B13FA3}.Release|Any CPU.Build.0 = Release|Any CPU
		{247A028F-8204-424D-B190-57AF7F834902}.Debug|Any CPU.ActiveCfg = Debug|Any CPU
		{247A028F-8204-424D-B190-57AF7F834902}.Debug|Any CPU.Build.0 = Debug|Any CPU
		{247A028F-8204-424D-B190-57AF7F834902}.Release|Any CPU.ActiveCfg = Release|Any CPU
		{247A028F-8204-424D-B190-57AF7F834902}.Release|Any CPU.Build.0 = Release|Any CPU
		{9695927B-66AC-49CC-B71D-BA0A8FE38B6E}.Debug|Any CPU.ActiveCfg = Debug|Any CPU
		{9695927B-66AC-49CC-B71D-BA0A8FE38B6E}.Debug|Any CPU.Build.0 = Debug|Any CPU
		{9695927B-66AC-49CC-B71D-BA0A8FE38B6E}.Release|Any CPU.ActiveCfg = Release|Any CPU
		{9695927B-66AC-49CC-B71D-BA0A8FE38B6E}.Release|Any CPU.Build.0 = Release|Any CPU
		{F686892D-7746-4E86-8593-BA80166DD7DA}.Debug|Any CPU.ActiveCfg = Debug|Any CPU
		{F686892D-7746-4E86-8593-BA80166DD7DA}.Debug|Any CPU.Build.0 = Debug|Any CPU
		{F686892D-7746-4E86-8593-BA80166DD7DA}.Release|Any CPU.ActiveCfg = Release|Any CPU
		{F686892D-7746-4E86-8593-BA80166DD7DA}.Release|Any CPU.Build.0 = Release|Any CPU
	EndGlobalSection
	GlobalSection(NestedProjects) = preSolution
		{99B71E71-28D4-4F15-B95E-F00C33009EEB} = {0AF51E06-C24F-420D-9491-8B5ADC5AAC63}
		{D98F2FFA-9B49-4064-8AF0-0FC163644171} = {0AF51E06-C24F-420D-9491-8B5ADC5AAC63}
		{1846CE9D-86C8-4F04-AC89-1B416F51A22C} = {0AF51E06-C24F-420D-9491-8B5ADC5AAC63}
		{956BC42C-B31B-4590-A41B-4E59F0B2BC02} = {0AF51E06-C24F-420D-9491-8B5ADC5AAC63}
		{02B326EE-8803-4003-A1AC-A6BF18829D4A} = {0AF51E06-C24F-420D-9491-8B5ADC5AAC63}
		{1A0921CA-B28B-4AD9-B692-633E5639F7B7} = {0AF51E06-C24F-420D-9491-8B5ADC5AAC63}
		{4071F6AD-91DB-466D-85BE-2E5387E32D10} = {96494DA5-360A-486C-BDE0-D56661572A27}
		{72BC40B9-32F7-4C09-A569-28A6E02D64E0} = {96494DA5-360A-486C-BDE0-D56661572A27}
		{F12CA4DE-AC02-49A5-B951-3894A7B13FA3} = {96494DA5-360A-486C-BDE0-D56661572A27}
		{247A028F-8204-424D-B190-57AF7F834902} = {96494DA5-360A-486C-BDE0-D56661572A27}
		{9695927B-66AC-49CC-B71D-BA0A8FE38B6E} = {96494DA5-360A-486C-BDE0-D56661572A27}
		{F686892D-7746-4E86-8593-BA80166DD7DA} = {96494DA5-360A-486C-BDE0-D56661572A27}
	EndGlobalSection
EndGlobal
